
Microsoft Visual Studio Solution File, Format Version 12.00
# Visual Studio Version 16
VisualStudioVersion = 16.0.30711.63
MinimumVisualStudioVersion = 10.0.40219.1
Project("{9A19103F-16F7-4668-BE54-9A1E7A4F7556}") = "Domain", "src\Domain\Domain.csproj", "{E6C9424B-120B-427A-91FF-B3A5AE964284}"
EndProject
Project("{9A19103F-16F7-4668-BE54-9A1E7A4F7556}") = "Application", "src\Application\Application.csproj", "{C31D1C87-3340-441C-BA4E-E50F58355EB8}"
EndProject
Project("{9A19103F-16F7-4668-BE54-9A1E7A4F7556}") = "Application.UnitTests", "test\unit\Application.UnitTests\Application.UnitTests.csproj", "{9A6C6F5D-AB7F-4FB8-A1BA-0E75E1FDDCF3}"
EndProject
Project("{9A19103F-16F7-4668-BE54-9A1E7A4F7556}") = "Domain.UnitTests", "test\unit\Domain.UnitTests\Domain.UnitTests.csproj", "{65068471-9932-4311-A79F-0E40E0449CE4}"
EndProject
Project("{2150E333-8FDC-42A3-9474-1A3956D46DE8}") = "Infrastructure", "Infrastructure", "{6DB80684-D320-4860-A1E3-7C813530E71B}"
EndProject
Project("{9A19103F-16F7-4668-BE54-9A1E7A4F7556}") = "DataAccess", "src\Infrastructure\DataAccess\DataAccess.csproj", "{E140B7F0-C671-4EC8-8DD2-50F46A8BC629}"
EndProject
Project("{9A19103F-16F7-4668-BE54-9A1E7A4F7556}") = "IntegrationTestDriverApi", "test\integration\IntegrationTestDriverApi\IntegrationTestDriverApi.csproj", "{3737A435-A40F-47A4-8CE4-6F4420C418EE}"
EndProject
Project("{9A19103F-16F7-4668-BE54-9A1E7A4F7556}") = "Integration", "src\Infrastructure\Integration\Integration.csproj", "{D84649D7-39E7-4CAD-A97D-D74738A207C1}"
EndProject
Project("{2150E333-8FDC-42A3-9474-1A3956D46DE8}") = "integration", "integration", "{172C6F7B-4D8D-44EF-989A-CCC82848ADE0}"
EndProject
Project("{2150E333-8FDC-42A3-9474-1A3956D46DE8}") = "src", "src", "{211A1CFB-3449-48EE-B9C1-EBF5DFDD151F}"
EndProject
Project("{2150E333-8FDC-42A3-9474-1A3956D46DE8}") = "test", "test", "{7043A94D-5106-4976-BE3B-E806CADADC97}"
EndProject
Project("{2150E333-8FDC-42A3-9474-1A3956D46DE8}") = "unit", "unit", "{667C7D4E-7892-4206-8848-A7B3C776387C}"
EndProject
Project("{2150E333-8FDC-42A3-9474-1A3956D46DE8}") = "exploratory", "exploratory", "{E275002F-BF55-437E-8FED-8CF50908C843}"
EndProject
Project("{9A19103F-16F7-4668-BE54-9A1E7A4F7556}") = "Application.IntegrationTests", "test\integration\Application.IntegrationTests\Application.IntegrationTests.csproj", "{A944CEB7-F65D-4B63-9D6B-8DEF3D95618B}"
EndProject
Project("{2150E333-8FDC-42A3-9474-1A3956D46DE8}") = "Presentation", "Presentation", "{CC4BC6F9-C8D0-4D8A-9AE4-8BBE9C68C7A1}"
EndProject
Project("{9A19103F-16F7-4668-BE54-9A1E7A4F7556}") = "WebUI", "src\Presentation\WebUI\WebUI.csproj", "{0E27CDF9-7ABF-4430-BF77-2186A2C62CE2}"
EndProject
Project("{FAE04EC0-301F-11D3-BF4B-00C04F79EFBC}") = "Sandbox", "test\exploratory\Sandbox\Sandbox.csproj", "{AD0F0CC8-FFB5-40ED-901C-F3246D941410}"
EndProject
Global
	GlobalSection(SolutionConfigurationPlatforms) = preSolution
		Debug|Any CPU = Debug|Any CPU
		Release|Any CPU = Release|Any CPU
	EndGlobalSection
	GlobalSection(ProjectConfigurationPlatforms) = postSolution
		{E6C9424B-120B-427A-91FF-B3A5AE964284}.Debug|Any CPU.ActiveCfg = Debug|Any CPU
		{E6C9424B-120B-427A-91FF-B3A5AE964284}.Debug|Any CPU.Build.0 = Debug|Any CPU
		{E6C9424B-120B-427A-91FF-B3A5AE964284}.Release|Any CPU.ActiveCfg = Release|Any CPU
		{E6C9424B-120B-427A-91FF-B3A5AE964284}.Release|Any CPU.Build.0 = Release|Any CPU
		{C31D1C87-3340-441C-BA4E-E50F58355EB8}.Debug|Any CPU.ActiveCfg = Debug|Any CPU
		{C31D1C87-3340-441C-BA4E-E50F58355EB8}.Debug|Any CPU.Build.0 = Debug|Any CPU
		{C31D1C87-3340-441C-BA4E-E50F58355EB8}.Release|Any CPU.ActiveCfg = Release|Any CPU
		{C31D1C87-3340-441C-BA4E-E50F58355EB8}.Release|Any CPU.Build.0 = Release|Any CPU
		{9A6C6F5D-AB7F-4FB8-A1BA-0E75E1FDDCF3}.Debug|Any CPU.ActiveCfg = Debug|Any CPU
		{9A6C6F5D-AB7F-4FB8-A1BA-0E75E1FDDCF3}.Debug|Any CPU.Build.0 = Debug|Any CPU
		{9A6C6F5D-AB7F-4FB8-A1BA-0E75E1FDDCF3}.Release|Any CPU.ActiveCfg = Release|Any CPU
		{9A6C6F5D-AB7F-4FB8-A1BA-0E75E1FDDCF3}.Release|Any CPU.Build.0 = Release|Any CPU
		{65068471-9932-4311-A79F-0E40E0449CE4}.Debug|Any CPU.ActiveCfg = Debug|Any CPU
		{65068471-9932-4311-A79F-0E40E0449CE4}.Debug|Any CPU.Build.0 = Debug|Any CPU
		{65068471-9932-4311-A79F-0E40E0449CE4}.Release|Any CPU.ActiveCfg = Release|Any CPU
		{65068471-9932-4311-A79F-0E40E0449CE4}.Release|Any CPU.Build.0 = Release|Any CPU
		{E140B7F0-C671-4EC8-8DD2-50F46A8BC629}.Debug|Any CPU.ActiveCfg = Debug|Any CPU
		{E140B7F0-C671-4EC8-8DD2-50F46A8BC629}.Debug|Any CPU.Build.0 = Debug|Any CPU
		{E140B7F0-C671-4EC8-8DD2-50F46A8BC629}.Release|Any CPU.ActiveCfg = Release|Any CPU
		{E140B7F0-C671-4EC8-8DD2-50F46A8BC629}.Release|Any CPU.Build.0 = Release|Any CPU
		{3737A435-A40F-47A4-8CE4-6F4420C418EE}.Debug|Any CPU.ActiveCfg = Debug|Any CPU
		{3737A435-A40F-47A4-8CE4-6F4420C418EE}.Debug|Any CPU.Build.0 = Debug|Any CPU
		{3737A435-A40F-47A4-8CE4-6F4420C418EE}.Release|Any CPU.ActiveCfg = Release|Any CPU
		{3737A435-A40F-47A4-8CE4-6F4420C418EE}.Release|Any CPU.Build.0 = Release|Any CPU
		{D84649D7-39E7-4CAD-A97D-D74738A207C1}.Debug|Any CPU.ActiveCfg = Debug|Any CPU
		{D84649D7-39E7-4CAD-A97D-D74738A207C1}.Debug|Any CPU.Build.0 = Debug|Any CPU
		{D84649D7-39E7-4CAD-A97D-D74738A207C1}.Release|Any CPU.ActiveCfg = Release|Any CPU
		{D84649D7-39E7-4CAD-A97D-D74738A207C1}.Release|Any CPU.Build.0 = Release|Any CPU
		{A944CEB7-F65D-4B63-9D6B-8DEF3D95618B}.Debug|Any CPU.ActiveCfg = Debug|Any CPU
		{A944CEB7-F65D-4B63-9D6B-8DEF3D95618B}.Debug|Any CPU.Build.0 = Debug|Any CPU
		{A944CEB7-F65D-4B63-9D6B-8DEF3D95618B}.Release|Any CPU.ActiveCfg = Release|Any CPU
		{A944CEB7-F65D-4B63-9D6B-8DEF3D95618B}.Release|Any CPU.Build.0 = Release|Any CPU
		{0E27CDF9-7ABF-4430-BF77-2186A2C62CE2}.Debug|Any CPU.ActiveCfg = Debug|Any CPU
		{0E27CDF9-7ABF-4430-BF77-2186A2C62CE2}.Debug|Any CPU.Build.0 = Debug|Any CPU
		{0E27CDF9-7ABF-4430-BF77-2186A2C62CE2}.Release|Any CPU.ActiveCfg = Release|Any CPU
		{0E27CDF9-7ABF-4430-BF77-2186A2C62CE2}.Release|Any CPU.Build.0 = Release|Any CPU
		{AD0F0CC8-FFB5-40ED-901C-F3246D941410}.Debug|Any CPU.ActiveCfg = Debug|Any CPU
		{AD0F0CC8-FFB5-40ED-901C-F3246D941410}.Debug|Any CPU.Build.0 = Debug|Any CPU
		{AD0F0CC8-FFB5-40ED-901C-F3246D941410}.Release|Any CPU.ActiveCfg = Release|Any CPU
		{AD0F0CC8-FFB5-40ED-901C-F3246D941410}.Release|Any CPU.Build.0 = Release|Any CPU
	EndGlobalSection
	GlobalSection(SolutionProperties) = preSolution
		HideSolutionNode = FALSE
	EndGlobalSection
	GlobalSection(NestedProjects) = preSolution
		{E6C9424B-120B-427A-91FF-B3A5AE964284} = {211A1CFB-3449-48EE-B9C1-EBF5DFDD151F}
		{C31D1C87-3340-441C-BA4E-E50F58355EB8} = {211A1CFB-3449-48EE-B9C1-EBF5DFDD151F}
		{9A6C6F5D-AB7F-4FB8-A1BA-0E75E1FDDCF3} = {667C7D4E-7892-4206-8848-A7B3C776387C}
		{65068471-9932-4311-A79F-0E40E0449CE4} = {667C7D4E-7892-4206-8848-A7B3C776387C}
		{6DB80684-D320-4860-A1E3-7C813530E71B} = {211A1CFB-3449-48EE-B9C1-EBF5DFDD151F}
		{E140B7F0-C671-4EC8-8DD2-50F46A8BC629} = {6DB80684-D320-4860-A1E3-7C813530E71B}
		{3737A435-A40F-47A4-8CE4-6F4420C418EE} = {172C6F7B-4D8D-44EF-989A-CCC82848ADE0}
		{D84649D7-39E7-4CAD-A97D-D74738A207C1} = {6DB80684-D320-4860-A1E3-7C813530E71B}
		{172C6F7B-4D8D-44EF-989A-CCC82848ADE0} = {7043A94D-5106-4976-BE3B-E806CADADC97}
		{667C7D4E-7892-4206-8848-A7B3C776387C} = {7043A94D-5106-4976-BE3B-E806CADADC97}
		{E275002F-BF55-437E-8FED-8CF50908C843} = {7043A94D-5106-4976-BE3B-E806CADADC97}
		{A944CEB7-F65D-4B63-9D6B-8DEF3D95618B} = {172C6F7B-4D8D-44EF-989A-CCC82848ADE0}
		{CC4BC6F9-C8D0-4D8A-9AE4-8BBE9C68C7A1} = {211A1CFB-3449-48EE-B9C1-EBF5DFDD151F}
		{0E27CDF9-7ABF-4430-BF77-2186A2C62CE2} = {CC4BC6F9-C8D0-4D8A-9AE4-8BBE9C68C7A1}
		{AD0F0CC8-FFB5-40ED-901C-F3246D941410} = {E275002F-BF55-437E-8FED-8CF50908C843}
	EndGlobalSection
	GlobalSection(ExtensibilityGlobals) = postSolution
		SolutionGuid = {C5D665F7-B26D-4EDD-909A-BA6A15E212EB}
	EndGlobalSection
EndGlobal
